// !$*UTF8*$!
{
	archiveVersion = 1;
	classes = {
	};
	objectVersion = 56;
	objects = {

/* Begin PBXBuildFile section */
		E91047BE2B1E6863007439B7 /* Remove_Background_ImageApp.swift in Sources */ = {isa = PBXBuildFile; fileRef = E91047BD2B1E6863007439B7 /* Remove_Background_ImageApp.swift */; };
		E91047C02B1E6863007439B7 /* RemoveBackgroundView.swift in Sources */ = {isa = PBXBuildFile; fileRef = E91047BF2B1E6863007439B7 /* RemoveBackgroundView.swift */; };
		E91047C22B1E6865007439B7 /* Assets.xcassets in Resources */ = {isa = PBXBuildFile; fileRef = E91047C12B1E6865007439B7 /* Assets.xcassets */; };
		E91047C52B1E6865007439B7 /* Preview Assets.xcassets in Resources */ = {isa = PBXBuildFile; fileRef = E91047C42B1E6865007439B7 /* Preview Assets.xcassets */; };
		E91047CC2B20F866007439B7 /* ImagePickerGallery.swift in Sources */ = {isa = PBXBuildFile; fileRef = E91047CB2B20F866007439B7 /* ImagePickerGallery.swift */; };
		E91047CF2B20F9CC007439B7 /* RemoveBackgroundViewModel.swift in Sources */ = {isa = PBXBuildFile; fileRef = E91047CE2B20F9CC007439B7 /* RemoveBackgroundViewModel.swift */; };
		E91047D22B22455E007439B7 /* ImagePickerCamera.swift in Sources */ = {isa = PBXBuildFile; fileRef = E91047D12B22455E007439B7 /* ImagePickerCamera.swift */; };
		E91047D52B24886A007439B7 /* PhotoPickerSelectionView.swift in Sources */ = {isa = PBXBuildFile; fileRef = E91047D42B24886A007439B7 /* PhotoPickerSelectionView.swift */; };
		E93531592B38C40000A57987 /* Urbanist-BlackItalic.ttf in Resources */ = {isa = PBXBuildFile; fileRef = E93531472B38C3FF00A57987 /* Urbanist-BlackItalic.ttf */; };
		E935315A2B38C40000A57987 /* Urbanist-Italic.ttf in Resources */ = {isa = PBXBuildFile; fileRef = E93531482B38C3FF00A57987 /* Urbanist-Italic.ttf */; };
		E935315B2B38C40000A57987 /* Urbanist-ThinItalic.ttf in Resources */ = {isa = PBXBuildFile; fileRef = E93531492B38C3FF00A57987 /* Urbanist-ThinItalic.ttf */; };
		E935315C2B38C40000A57987 /* Urbanist-Black.ttf in Resources */ = {isa = PBXBuildFile; fileRef = E935314A2B38C3FF00A57987 /* Urbanist-Black.ttf */; };
		E935315D2B38C40000A57987 /* Urbanist-LightItalic.ttf in Resources */ = {isa = PBXBuildFile; fileRef = E935314B2B38C3FF00A57987 /* Urbanist-LightItalic.ttf */; };
		E935315E2B38C40000A57987 /* Urbanist-ExtraLightItalic.ttf in Resources */ = {isa = PBXBuildFile; fileRef = E935314C2B38C3FF00A57987 /* Urbanist-ExtraLightItalic.ttf */; };
		E935315F2B38C40000A57987 /* Urbanist-BoldItalic.ttf in Resources */ = {isa = PBXBuildFile; fileRef = E935314D2B38C40000A57987 /* Urbanist-BoldItalic.ttf */; };
		E93531602B38C40000A57987 /* Urbanist-ExtraBoldItalic.ttf in Resources */ = {isa = PBXBuildFile; fileRef = E935314E2B38C40000A57987 /* Urbanist-ExtraBoldItalic.ttf */; };
		E93531612B38C40000A57987 /* Urbanist-ExtraBold.ttf in Resources */ = {isa = PBXBuildFile; fileRef = E935314F2B38C40000A57987 /* Urbanist-ExtraBold.ttf */; };
		E93531622B38C40000A57987 /* Urbanist-Regular.ttf in Resources */ = {isa = PBXBuildFile; fileRef = E93531502B38C40000A57987 /* Urbanist-Regular.ttf */; };
		E93531632B38C40000A57987 /* Urbanist-Bold.ttf in Resources */ = {isa = PBXBuildFile; fileRef = E93531512B38C40000A57987 /* Urbanist-Bold.ttf */; };
		E93531642B38C40000A57987 /* Urbanist-Thin.ttf in Resources */ = {isa = PBXBuildFile; fileRef = E93531522B38C40000A57987 /* Urbanist-Thin.ttf */; };
		E93531652B38C40000A57987 /* Urbanist-SemiBold.ttf in Resources */ = {isa = PBXBuildFile; fileRef = E93531532B38C40000A57987 /* Urbanist-SemiBold.ttf */; };
		E93531662B38C40000A57987 /* Urbanist-SemiBoldItalic.ttf in Resources */ = {isa = PBXBuildFile; fileRef = E93531542B38C40000A57987 /* Urbanist-SemiBoldItalic.ttf */; };
		E93531672B38C40000A57987 /* Urbanist-Light.ttf in Resources */ = {isa = PBXBuildFile; fileRef = E93531552B38C40000A57987 /* Urbanist-Light.ttf */; };
		E93531682B38C40000A57987 /* Urbanist-ExtraLight.ttf in Resources */ = {isa = PBXBuildFile; fileRef = E93531562B38C40000A57987 /* Urbanist-ExtraLight.ttf */; };
		E93531692B38C40000A57987 /* Urbanist-MediumItalic.ttf in Resources */ = {isa = PBXBuildFile; fileRef = E93531572B38C40000A57987 /* Urbanist-MediumItalic.ttf */; };
		E935316A2B38C40000A57987 /* Urbanist-Medium.ttf in Resources */ = {isa = PBXBuildFile; fileRef = E93531582B38C40000A57987 /* Urbanist-Medium.ttf */; };
		E935316E2B38C58800A57987 /* FontFactory.swift in Sources */ = {isa = PBXBuildFile; fileRef = E935316D2B38C58800A57987 /* FontFactory.swift */; };
		E93531702B38C78400A57987 /* Colors.xcassets in Resources */ = {isa = PBXBuildFile; fileRef = E935316F2B38C78400A57987 /* Colors.xcassets */; };
		E93531722B38D35A00A57987 /* Modifier+View.swift in Sources */ = {isa = PBXBuildFile; fileRef = E93531712B38D35A00A57987 /* Modifier+View.swift */; };
		E93979332B2CE771007A13E0 /* Modifier+Text.swift in Sources */ = {isa = PBXBuildFile; fileRef = E93979322B2CE771007A13E0 /* Modifier+Text.swift */; };
		E93979352B2CE887007A13E0 /* Modifier+Image.swift in Sources */ = {isa = PBXBuildFile; fileRef = E93979342B2CE887007A13E0 /* Modifier+Image.swift */; };
		E984BEAA2B322F6B0008326A /* AddImageView.swift in Sources */ = {isa = PBXBuildFile; fileRef = E984BEA92B322F6B0008326A /* AddImageView.swift */; };
		E984BEAC2B322F7E0008326A /* ImagesView.swift in Sources */ = {isa = PBXBuildFile; fileRef = E984BEAB2B322F7E0008326A /* ImagesView.swift */; };
		E984BEAE2B322F930008326A /* ButtonsView.swift in Sources */ = {isa = PBXBuildFile; fileRef = E984BEAD2B322F930008326A /* ButtonsView.swift */; };
/* End PBXBuildFile section */

/* Begin PBXFileReference section */
		E91047BA2B1E6863007439B7 /* Remove-Background-Image.app */ = {isa = PBXFileReference; explicitFileType = wrapper.application; includeInIndex = 0; path = "Remove-Background-Image.app"; sourceTree = BUILT_PRODUCTS_DIR; };
		E91047BD2B1E6863007439B7 /* Remove_Background_ImageApp.swift */ = {isa = PBXFileReference; lastKnownFileType = sourcecode.swift; path = Remove_Background_ImageApp.swift; sourceTree = "<group>"; };
		E91047BF2B1E6863007439B7 /* RemoveBackgroundView.swift */ = {isa = PBXFileReference; lastKnownFileType = sourcecode.swift; path = RemoveBackgroundView.swift; sourceTree = "<group>"; };
		E91047C12B1E6865007439B7 /* Assets.xcassets */ = {isa = PBXFileReference; lastKnownFileType = folder.assetcatalog; path = Assets.xcassets; sourceTree = "<group>"; };
		E91047C42B1E6865007439B7 /* Preview Assets.xcassets */ = {isa = PBXFileReference; lastKnownFileType = folder.assetcatalog; path = "Preview Assets.xcassets"; sourceTree = "<group>"; };
		E91047CB2B20F866007439B7 /* ImagePickerGallery.swift */ = {isa = PBXFileReference; lastKnownFileType = sourcecode.swift; path = ImagePickerGallery.swift; sourceTree = "<group>"; };
		E91047CE2B20F9CC007439B7 /* RemoveBackgroundViewModel.swift */ = {isa = PBXFileReference; lastKnownFileType = sourcecode.swift; path = RemoveBackgroundViewModel.swift; sourceTree = "<group>"; };
		E91047D12B22455E007439B7 /* ImagePickerCamera.swift */ = {isa = PBXFileReference; lastKnownFileType = sourcecode.swift; path = ImagePickerCamera.swift; sourceTree = "<group>"; };
		E91047D42B24886A007439B7 /* PhotoPickerSelectionView.swift */ = {isa = PBXFileReference; lastKnownFileType = sourcecode.swift; path = PhotoPickerSelectionView.swift; sourceTree = "<group>"; };
		E93531472B38C3FF00A57987 /* Urbanist-BlackItalic.ttf */ = {isa = PBXFileReference; lastKnownFileType = file; path = "Urbanist-BlackItalic.ttf"; sourceTree = "<group>"; };
		E93531482B38C3FF00A57987 /* Urbanist-Italic.ttf */ = {isa = PBXFileReference; lastKnownFileType = file; path = "Urbanist-Italic.ttf"; sourceTree = "<group>"; };
		E93531492B38C3FF00A57987 /* Urbanist-ThinItalic.ttf */ = {isa = PBXFileReference; lastKnownFileType = file; path = "Urbanist-ThinItalic.ttf"; sourceTree = "<group>"; };
		E935314A2B38C3FF00A57987 /* Urbanist-Black.ttf */ = {isa = PBXFileReference; lastKnownFileType = file; path = "Urbanist-Black.ttf"; sourceTree = "<group>"; };
		E935314B2B38C3FF00A57987 /* Urbanist-LightItalic.ttf */ = {isa = PBXFileReference; lastKnownFileType = file; path = "Urbanist-LightItalic.ttf"; sourceTree = "<group>"; };
		E935314C2B38C3FF00A57987 /* Urbanist-ExtraLightItalic.ttf */ = {isa = PBXFileReference; lastKnownFileType = file; path = "Urbanist-ExtraLightItalic.ttf"; sourceTree = "<group>"; };
		E935314D2B38C40000A57987 /* Urbanist-BoldItalic.ttf */ = {isa = PBXFileReference; lastKnownFileType = file; path = "Urbanist-BoldItalic.ttf"; sourceTree = "<group>"; };
		E935314E2B38C40000A57987 /* Urbanist-ExtraBoldItalic.ttf */ = {isa = PBXFileReference; lastKnownFileType = file; path = "Urbanist-ExtraBoldItalic.ttf"; sourceTree = "<group>"; };
		E935314F2B38C40000A57987 /* Urbanist-ExtraBold.ttf */ = {isa = PBXFileReference; lastKnownFileType = file; path = "Urbanist-ExtraBold.ttf"; sourceTree = "<group>"; };
		E93531502B38C40000A57987 /* Urbanist-Regular.ttf */ = {isa = PBXFileReference; lastKnownFileType = file; path = "Urbanist-Regular.ttf"; sourceTree = "<group>"; };
		E93531512B38C40000A57987 /* Urbanist-Bold.ttf */ = {isa = PBXFileReference; lastKnownFileType = file; path = "Urbanist-Bold.ttf"; sourceTree = "<group>"; };
		E93531522B38C40000A57987 /* Urbanist-Thin.ttf */ = {isa = PBXFileReference; lastKnownFileType = file; path = "Urbanist-Thin.ttf"; sourceTree = "<group>"; };
		E93531532B38C40000A57987 /* Urbanist-SemiBold.ttf */ = {isa = PBXFileReference; lastKnownFileType = file; path = "Urbanist-SemiBold.ttf"; sourceTree = "<group>"; };
		E93531542B38C40000A57987 /* Urbanist-SemiBoldItalic.ttf */ = {isa = PBXFileReference; lastKnownFileType = file; path = "Urbanist-SemiBoldItalic.ttf"; sourceTree = "<group>"; };
		E93531552B38C40000A57987 /* Urbanist-Light.ttf */ = {isa = PBXFileReference; lastKnownFileType = file; path = "Urbanist-Light.ttf"; sourceTree = "<group>"; };
		E93531562B38C40000A57987 /* Urbanist-ExtraLight.ttf */ = {isa = PBXFileReference; lastKnownFileType = file; path = "Urbanist-ExtraLight.ttf"; sourceTree = "<group>"; };
		E93531572B38C40000A57987 /* Urbanist-MediumItalic.ttf */ = {isa = PBXFileReference; lastKnownFileType = file; path = "Urbanist-MediumItalic.ttf"; sourceTree = "<group>"; };
		E93531582B38C40000A57987 /* Urbanist-Medium.ttf */ = {isa = PBXFileReference; lastKnownFileType = file; path = "Urbanist-Medium.ttf"; sourceTree = "<group>"; };
		E935316C2B38C4C800A57987 /* Info.plist */ = {isa = PBXFileReference; lastKnownFileType = text.plist; path = Info.plist; sourceTree = "<group>"; };
		E935316D2B38C58800A57987 /* FontFactory.swift */ = {isa = PBXFileReference; lastKnownFileType = sourcecode.swift; path = FontFactory.swift; sourceTree = "<group>"; };
		E935316F2B38C78400A57987 /* Colors.xcassets */ = {isa = PBXFileReference; lastKnownFileType = folder.assetcatalog; path = Colors.xcassets; sourceTree = "<group>"; };
		E93531712B38D35A00A57987 /* Modifier+View.swift */ = {isa = PBXFileReference; lastKnownFileType = sourcecode.swift; path = "Modifier+View.swift"; sourceTree = "<group>"; };
		E93979322B2CE771007A13E0 /* Modifier+Text.swift */ = {isa = PBXFileReference; lastKnownFileType = sourcecode.swift; path = "Modifier+Text.swift"; sourceTree = "<group>"; };
		E93979342B2CE887007A13E0 /* Modifier+Image.swift */ = {isa = PBXFileReference; lastKnownFileType = sourcecode.swift; path = "Modifier+Image.swift"; sourceTree = "<group>"; };
		E984BEA92B322F6B0008326A /* AddImageView.swift */ = {isa = PBXFileReference; lastKnownFileType = sourcecode.swift; path = AddImageView.swift; sourceTree = "<group>"; };
		E984BEAB2B322F7E0008326A /* ImagesView.swift */ = {isa = PBXFileReference; lastKnownFileType = sourcecode.swift; path = ImagesView.swift; sourceTree = "<group>"; };
		E984BEAD2B322F930008326A /* ButtonsView.swift */ = {isa = PBXFileReference; lastKnownFileType = sourcecode.swift; path = ButtonsView.swift; sourceTree = "<group>"; };
/* End PBXFileReference section */

/* Begin PBXFrameworksBuildPhase section */
		E91047B72B1E6863007439B7 /* Frameworks */ = {
			isa = PBXFrameworksBuildPhase;
			buildActionMask = 2147483647;
			files = (
			);
			runOnlyForDeploymentPostprocessing = 0;
		};
/* End PBXFrameworksBuildPhase section */

/* Begin PBXGroup section */
		E91047B12B1E6863007439B7 = {
			isa = PBXGroup;
			children = (
				E91047BC2B1E6863007439B7 /* Remove-Background-Image */,
				E91047BB2B1E6863007439B7 /* Products */,
			);
			sourceTree = "<group>";
		};
		E91047BB2B1E6863007439B7 /* Products */ = {
			isa = PBXGroup;
			children = (
				E91047BA2B1E6863007439B7 /* Remove-Background-Image.app */,
			);
			name = Products;
			sourceTree = "<group>";
		};
		E91047BC2B1E6863007439B7 /* Remove-Background-Image */ = {
			isa = PBXGroup;
			children = (
				E935316C2B38C4C800A57987 /* Info.plist */,
				E935316B2B38C41400A57987 /* View */,
				E9C10EAA2B26CC02008876EB /* Model */,
				E9C10EAB2B26CC0E008876EB /* Utility */,
				E93531452B38C3EE00A57987 /* Resource */,
				E91047BD2B1E6863007439B7 /* Remove_Background_ImageApp.swift */,
				E91047C32B1E6865007439B7 /* Preview Content */,
			);
			path = "Remove-Background-Image";
			sourceTree = "<group>";
		};
		E91047C32B1E6865007439B7 /* Preview Content */ = {
			isa = PBXGroup;
			children = (
				E91047C42B1E6865007439B7 /* Preview Assets.xcassets */,
			);
			path = "Preview Content";
			sourceTree = "<group>";
		};
		E91047CD2B20F9BC007439B7 /* RemoveBackgroundView */ = {
			isa = PBXGroup;
			children = (
				E984BEA82B322F570008326A /* CustomView */,
				E91047BF2B1E6863007439B7 /* RemoveBackgroundView.swift */,
				E91047CE2B20F9CC007439B7 /* RemoveBackgroundViewModel.swift */,
			);
			path = RemoveBackgroundView;
			sourceTree = "<group>";
		};
		E91047D02B2243DF007439B7 /* Representable */ = {
			isa = PBXGroup;
			children = (
				E91047CB2B20F866007439B7 /* ImagePickerGallery.swift */,
				E91047D12B22455E007439B7 /* ImagePickerCamera.swift */,
			);
			path = Representable;
			sourceTree = "<group>";
		};
		E91047D32B248855007439B7 /* PhotoSelection */ = {
			isa = PBXGroup;
			children = (
				E91047D42B24886A007439B7 /* PhotoPickerSelectionView.swift */,
			);
			path = PhotoSelection;
			sourceTree = "<group>";
		};
		E93531452B38C3EE00A57987 /* Resource */ = {
			isa = PBXGroup;
			children = (
				E93531462B38C3F700A57987 /* Font */,
				E91047C12B1E6865007439B7 /* Assets.xcassets */,
				E935316F2B38C78400A57987 /* Colors.xcassets */,
			);
			path = Resource;
			sourceTree = "<group>";
		};
		E93531462B38C3F700A57987 /* Font */ = {
			isa = PBXGroup;
			children = (
				E935314A2B38C3FF00A57987 /* Urbanist-Black.ttf */,
				E93531472B38C3FF00A57987 /* Urbanist-BlackItalic.ttf */,
				E93531512B38C40000A57987 /* Urbanist-Bold.ttf */,
				E935314D2B38C40000A57987 /* Urbanist-BoldItalic.ttf */,
				E935314F2B38C40000A57987 /* Urbanist-ExtraBold.ttf */,
				E935314E2B38C40000A57987 /* Urbanist-ExtraBoldItalic.ttf */,
				E93531562B38C40000A57987 /* Urbanist-ExtraLight.ttf */,
				E935314C2B38C3FF00A57987 /* Urbanist-ExtraLightItalic.ttf */,
				E93531482B38C3FF00A57987 /* Urbanist-Italic.ttf */,
				E93531552B38C40000A57987 /* Urbanist-Light.ttf */,
				E935314B2B38C3FF00A57987 /* Urbanist-LightItalic.ttf */,
				E93531582B38C40000A57987 /* Urbanist-Medium.ttf */,
				E93531572B38C40000A57987 /* Urbanist-MediumItalic.ttf */,
				E93531502B38C40000A57987 /* Urbanist-Regular.ttf */,
				E93531532B38C40000A57987 /* Urbanist-SemiBold.ttf */,
				E93531542B38C40000A57987 /* Urbanist-SemiBoldItalic.ttf */,
				E93531522B38C40000A57987 /* Urbanist-Thin.ttf */,
				E93531492B38C3FF00A57987 /* Urbanist-ThinItalic.ttf */,
			);
			path = Font;
			sourceTree = "<group>";
		};
		E935316B2B38C41400A57987 /* View */ = {
			isa = PBXGroup;
			children = (
				E91047CD2B20F9BC007439B7 /* RemoveBackgroundView */,
				E91047D32B248855007439B7 /* PhotoSelection */,
			);
			path = View;
			sourceTree = "<group>";
		};
		E93979312B2CE755007A13E0 /* Modifier */ = {
			isa = PBXGroup;
			children = (
				E93979322B2CE771007A13E0 /* Modifier+Text.swift */,
				E93979342B2CE887007A13E0 /* Modifier+Image.swift */,
				E93531712B38D35A00A57987 /* Modifier+View.swift */,
			);
			path = Modifier;
			sourceTree = "<group>";
		};
		E984BEA82B322F570008326A /* CustomView */ = {
			isa = PBXGroup;
			children = (
				E984BEA92B322F6B0008326A /* AddImageView.swift */,
				E984BEAB2B322F7E0008326A /* ImagesView.swift */,
				E984BEAD2B322F930008326A /* ButtonsView.swift */,
			);
			path = CustomView;
			sourceTree = "<group>";
		};
		E9C10EAA2B26CC02008876EB /* Model */ = {
			isa = PBXGroup;
			children = (
			);
			path = Model;
			sourceTree = "<group>";
		};
		E9C10EAB2B26CC0E008876EB /* Utility */ = {
			isa = PBXGroup;
			children = (
				E91047D02B2243DF007439B7 /* Representable */,
				E93979312B2CE755007A13E0 /* Modifier */,
				E935316D2B38C58800A57987 /* FontFactory.swift */,
			);
			path = Utility;
			sourceTree = "<group>";
		};
/* End PBXGroup section */

/* Begin PBXNativeTarget section */
		E91047B92B1E6863007439B7 /* Remove-Background-Image */ = {
			isa = PBXNativeTarget;
			buildConfigurationList = E91047C82B1E6865007439B7 /* Build configuration list for PBXNativeTarget "Remove-Background-Image" */;
			buildPhases = (
				E91047B62B1E6863007439B7 /* Sources */,
				E91047B72B1E6863007439B7 /* Frameworks */,
				E91047B82B1E6863007439B7 /* Resources */,
			);
			buildRules = (
			);
			dependencies = (
			);
			name = "Remove-Background-Image";
			productName = "Remove-Background-Image";
			productReference = E91047BA2B1E6863007439B7 /* Remove-Background-Image.app */;
			productType = "com.apple.product-type.application";
		};
/* End PBXNativeTarget section */

/* Begin PBXProject section */
		E91047B22B1E6863007439B7 /* Project object */ = {
			isa = PBXProject;
			attributes = {
				BuildIndependentTargetsInParallel = 1;
				LastSwiftUpdateCheck = 1500;
				LastUpgradeCheck = 1500;
				TargetAttributes = {
					E91047B92B1E6863007439B7 = {
						CreatedOnToolsVersion = 15.0.1;
					};
				};
			};
			buildConfigurationList = E91047B52B1E6863007439B7 /* Build configuration list for PBXProject "Remove-Background-Image" */;
			compatibilityVersion = "Xcode 14.0";
			developmentRegion = en;
			hasScannedForEncodings = 0;
			knownRegions = (
				en,
				Base,
			);
			mainGroup = E91047B12B1E6863007439B7;
			productRefGroup = E91047BB2B1E6863007439B7 /* Products */;
			projectDirPath = "";
			projectRoot = "";
			targets = (
				E91047B92B1E6863007439B7 /* Remove-Background-Image */,
			);
		};
/* End PBXProject section */

/* Begin PBXResourcesBuildPhase section */
		E91047B82B1E6863007439B7 /* Resources */ = {
			isa = PBXResourcesBuildPhase;
			buildActionMask = 2147483647;
			files = (
				E93531682B38C40000A57987 /* Urbanist-ExtraLight.ttf in Resources */,
				E93531672B38C40000A57987 /* Urbanist-Light.ttf in Resources */,
				E93531652B38C40000A57987 /* Urbanist-SemiBold.ttf in Resources */,
				E93531662B38C40000A57987 /* Urbanist-SemiBoldItalic.ttf in Resources */,
				E935315E2B38C40000A57987 /* Urbanist-ExtraLightItalic.ttf in Resources */,
				E935315D2B38C40000A57987 /* Urbanist-LightItalic.ttf in Resources */,
				E93531702B38C78400A57987 /* Colors.xcassets in Resources */,
				E93531612B38C40000A57987 /* Urbanist-ExtraBold.ttf in Resources */,
				E935315C2B38C40000A57987 /* Urbanist-Black.ttf in Resources */,
				E935315F2B38C40000A57987 /* Urbanist-BoldItalic.ttf in Resources */,
				E93531592B38C40000A57987 /* Urbanist-BlackItalic.ttf in Resources */,
				E91047C52B1E6865007439B7 /* Preview Assets.xcassets in Resources */,
				E93531642B38C40000A57987 /* Urbanist-Thin.ttf in Resources */,
				E93531632B38C40000A57987 /* Urbanist-Bold.ttf in Resources */,
				E935316A2B38C40000A57987 /* Urbanist-Medium.ttf in Resources */,
				E935315A2B38C40000A57987 /* Urbanist-Italic.ttf in Resources */,
				E935315B2B38C40000A57987 /* Urbanist-ThinItalic.ttf in Resources */,
				E93531602B38C40000A57987 /* Urbanist-ExtraBoldItalic.ttf in Resources */,
				E91047C22B1E6865007439B7 /* Assets.xcassets in Resources */,
				E93531692B38C40000A57987 /* Urbanist-MediumItalic.ttf in Resources */,
				E93531622B38C40000A57987 /* Urbanist-Regular.ttf in Resources */,
			);
			runOnlyForDeploymentPostprocessing = 0;
		};
/* End PBXResourcesBuildPhase section */

/* Begin PBXSourcesBuildPhase section */
		E91047B62B1E6863007439B7 /* Sources */ = {
			isa = PBXSourcesBuildPhase;
			buildActionMask = 2147483647;
			files = (
				E91047CF2B20F9CC007439B7 /* RemoveBackgroundViewModel.swift in Sources */,
				E91047D22B22455E007439B7 /* ImagePickerCamera.swift in Sources */,
				E93979332B2CE771007A13E0 /* Modifier+Text.swift in Sources */,
				E935316E2B38C58800A57987 /* FontFactory.swift in Sources */,
				E984BEAE2B322F930008326A /* ButtonsView.swift in Sources */,
				E984BEAA2B322F6B0008326A /* AddImageView.swift in Sources */,
				E93531722B38D35A00A57987 /* Modifier+View.swift in Sources */,
				E984BEAC2B322F7E0008326A /* ImagesView.swift in Sources */,
				E91047CC2B20F866007439B7 /* ImagePickerGallery.swift in Sources */,
				E93979352B2CE887007A13E0 /* Modifier+Image.swift in Sources */,
				E91047C02B1E6863007439B7 /* RemoveBackgroundView.swift in Sources */,
				E91047D52B24886A007439B7 /* PhotoPickerSelectionView.swift in Sources */,
				E91047BE2B1E6863007439B7 /* Remove_Background_ImageApp.swift in Sources */,
			);
			runOnlyForDeploymentPostprocessing = 0;
		};
/* End PBXSourcesBuildPhase section */

/* Begin XCBuildConfiguration section */
		E91047C62B1E6865007439B7 /* Debug */ = {
			isa = XCBuildConfiguration;
			buildSettings = {
				ALWAYS_SEARCH_USER_PATHS = NO;
				ASSETCATALOG_COMPILER_GENERATE_SWIFT_ASSET_SYMBOL_EXTENSIONS = YES;
				CLANG_ANALYZER_NONNULL = YES;
				CLANG_ANALYZER_NUMBER_OBJECT_CONVERSION = YES_AGGRESSIVE;
				CLANG_CXX_LANGUAGE_STANDARD = "gnu++20";
				CLANG_ENABLE_MODULES = YES;
				CLANG_ENABLE_OBJC_ARC = YES;
				CLANG_ENABLE_OBJC_WEAK = YES;
				CLANG_WARN_BLOCK_CAPTURE_AUTORELEASING = YES;
				CLANG_WARN_BOOL_CONVERSION = YES;
				CLANG_WARN_COMMA = YES;
				CLANG_WARN_CONSTANT_CONVERSION = YES;
				CLANG_WARN_DEPRECATED_OBJC_IMPLEMENTATIONS = YES;
				CLANG_WARN_DIRECT_OBJC_ISA_USAGE = YES_ERROR;
				CLANG_WARN_DOCUMENTATION_COMMENTS = YES;
				CLANG_WARN_EMPTY_BODY = YES;
				CLANG_WARN_ENUM_CONVERSION = YES;
				CLANG_WARN_INFINITE_RECURSION = YES;
				CLANG_WARN_INT_CONVERSION = YES;
				CLANG_WARN_NON_LITERAL_NULL_CONVERSION = YES;
				CLANG_WARN_OBJC_IMPLICIT_RETAIN_SELF = YES;
				CLANG_WARN_OBJC_LITERAL_CONVERSION = YES;
				CLANG_WARN_OBJC_ROOT_CLASS = YES_ERROR;
				CLANG_WARN_QUOTED_INCLUDE_IN_FRAMEWORK_HEADER = YES;
				CLANG_WARN_RANGE_LOOP_ANALYSIS = YES;
				CLANG_WARN_STRICT_PROTOTYPES = YES;
				CLANG_WARN_SUSPICIOUS_MOVE = YES;
				CLANG_WARN_UNGUARDED_AVAILABILITY = YES_AGGRESSIVE;
				CLANG_WARN_UNREACHABLE_CODE = YES;
				CLANG_WARN__DUPLICATE_METHOD_MATCH = YES;
				COPY_PHASE_STRIP = NO;
				DEBUG_INFORMATION_FORMAT = dwarf;
				ENABLE_STRICT_OBJC_MSGSEND = YES;
				ENABLE_TESTABILITY = YES;
				ENABLE_USER_SCRIPT_SANDBOXING = YES;
				GCC_C_LANGUAGE_STANDARD = gnu17;
				GCC_DYNAMIC_NO_PIC = NO;
				GCC_NO_COMMON_BLOCKS = YES;
				GCC_OPTIMIZATION_LEVEL = 0;
				GCC_PREPROCESSOR_DEFINITIONS = (
					"DEBUG=1",
					"$(inherited)",
				);
				GCC_WARN_64_TO_32_BIT_CONVERSION = YES;
				GCC_WARN_ABOUT_RETURN_TYPE = YES_ERROR;
				GCC_WARN_UNDECLARED_SELECTOR = YES;
				GCC_WARN_UNINITIALIZED_AUTOS = YES_AGGRESSIVE;
				GCC_WARN_UNUSED_FUNCTION = YES;
				GCC_WARN_UNUSED_VARIABLE = YES;
				IPHONEOS_DEPLOYMENT_TARGET = 17.0;
				LOCALIZATION_PREFERS_STRING_CATALOGS = YES;
				MTL_ENABLE_DEBUG_INFO = INCLUDE_SOURCE;
				MTL_FAST_MATH = YES;
				ONLY_ACTIVE_ARCH = YES;
				SDKROOT = iphoneos;
				SWIFT_ACTIVE_COMPILATION_CONDITIONS = "DEBUG $(inherited)";
				SWIFT_OPTIMIZATION_LEVEL = "-Onone";
			};
			name = Debug;
		};
		E91047C72B1E6865007439B7 /* Release */ = {
			isa = XCBuildConfiguration;
			buildSettings = {
				ALWAYS_SEARCH_USER_PATHS = NO;
				ASSETCATALOG_COMPILER_GENERATE_SWIFT_ASSET_SYMBOL_EXTENSIONS = YES;
				CLANG_ANALYZER_NONNULL = YES;
				CLANG_ANALYZER_NUMBER_OBJECT_CONVERSION = YES_AGGRESSIVE;
				CLANG_CXX_LANGUAGE_STANDARD = "gnu++20";
				CLANG_ENABLE_MODULES = YES;
				CLANG_ENABLE_OBJC_ARC = YES;
				CLANG_ENABLE_OBJC_WEAK = YES;
				CLANG_WARN_BLOCK_CAPTURE_AUTORELEASING = YES;
				CLANG_WARN_BOOL_CONVERSION = YES;
				CLANG_WARN_COMMA = YES;
				CLANG_WARN_CONSTANT_CONVERSION = YES;
				CLANG_WARN_DEPRECATED_OBJC_IMPLEMENTATIONS = YES;
				CLANG_WARN_DIRECT_OBJC_ISA_USAGE = YES_ERROR;
				CLANG_WARN_DOCUMENTATION_COMMENTS = YES;
				CLANG_WARN_EMPTY_BODY = YES;
				CLANG_WARN_ENUM_CONVERSION = YES;
				CLANG_WARN_INFINITE_RECURSION = YES;
				CLANG_WARN_INT_CONVERSION = YES;
				CLANG_WARN_NON_LITERAL_NULL_CONVERSION = YES;
				CLANG_WARN_OBJC_IMPLICIT_RETAIN_SELF = YES;
				CLANG_WARN_OBJC_LITERAL_CONVERSION = YES;
				CLANG_WARN_OBJC_ROOT_CLASS = YES_ERROR;
				CLANG_WARN_QUOTED_INCLUDE_IN_FRAMEWORK_HEADER = YES;
				CLANG_WARN_RANGE_LOOP_ANALYSIS = YES;
				CLANG_WARN_STRICT_PROTOTYPES = YES;
				CLANG_WARN_SUSPICIOUS_MOVE = YES;
				CLANG_WARN_UNGUARDED_AVAILABILITY = YES_AGGRESSIVE;
				CLANG_WARN_UNREACHABLE_CODE = YES;
				CLANG_WARN__DUPLICATE_METHOD_MATCH = YES;
				COPY_PHASE_STRIP = NO;
				DEBUG_INFORMATION_FORMAT = "dwarf-with-dsym";
				ENABLE_NS_ASSERTIONS = NO;
				ENABLE_STRICT_OBJC_MSGSEND = YES;
				ENABLE_USER_SCRIPT_SANDBOXING = YES;
				GCC_C_LANGUAGE_STANDARD = gnu17;
				GCC_NO_COMMON_BLOCKS = YES;
				GCC_WARN_64_TO_32_BIT_CONVERSION = YES;
				GCC_WARN_ABOUT_RETURN_TYPE = YES_ERROR;
				GCC_WARN_UNDECLARED_SELECTOR = YES;
				GCC_WARN_UNINITIALIZED_AUTOS = YES_AGGRESSIVE;
				GCC_WARN_UNUSED_FUNCTION = YES;
				GCC_WARN_UNUSED_VARIABLE = YES;
				IPHONEOS_DEPLOYMENT_TARGET = 17.0;
				LOCALIZATION_PREFERS_STRING_CATALOGS = YES;
				MTL_ENABLE_DEBUG_INFO = NO;
				MTL_FAST_MATH = YES;
				SDKROOT = iphoneos;
				SWIFT_COMPILATION_MODE = wholemodule;
				VALIDATE_PRODUCT = YES;
			};
			name = Release;
		};
		E91047C92B1E6865007439B7 /* Debug */ = {
			isa = XCBuildConfiguration;
			buildSettings = {
				ASSETCATALOG_COMPILER_APPICON_NAME = AppIcon;
				ASSETCATALOG_COMPILER_GLOBAL_ACCENT_COLOR_NAME = AccentColor;
				CODE_SIGN_STYLE = Automatic;
				CURRENT_PROJECT_VERSION = 1;
				DEVELOPMENT_ASSET_PATHS = "\"Remove-Background-Image/Preview Content\"";
				DEVELOPMENT_TEAM = 8F8TZUV25Z;
				ENABLE_PREVIEWS = YES;
				GENERATE_INFOPLIST_FILE = YES;
				INFOPLIST_FILE = "Remove-Background-Image/Info.plist";
				INFOPLIST_KEY_CFBundleDisplayName = "Remove BG";
				INFOPLIST_KEY_NSCameraUsageDescription = "The app would like to use your camera to pick an image whose background will be removed";
				INFOPLIST_KEY_UIApplicationSceneManifest_Generation = YES;
				INFOPLIST_KEY_UIApplicationSupportsIndirectInputEvents = YES;
				INFOPLIST_KEY_UILaunchScreen_Generation = YES;
				INFOPLIST_KEY_UISupportedInterfaceOrientations_iPad = "UIInterfaceOrientationPortrait UIInterfaceOrientationPortraitUpsideDown UIInterfaceOrientationLandscapeLeft UIInterfaceOrientationLandscapeRight";
				INFOPLIST_KEY_UISupportedInterfaceOrientations_iPhone = "UIInterfaceOrientationPortrait UIInterfaceOrientationLandscapeLeft UIInterfaceOrientationLandscapeRight";
				LD_RUNPATH_SEARCH_PATHS = (
					"$(inherited)",
					"@executable_path/Frameworks",
				);
				MARKETING_VERSION = 1.0;
				PRODUCT_BUNDLE_IDENTIFIER = "com.mculha.Remove-Background-Image";
				PRODUCT_NAME = "$(TARGET_NAME)";
				SWIFT_EMIT_LOC_STRINGS = YES;
				SWIFT_VERSION = 5.0;
				TARGETED_DEVICE_FAMILY = "1,2";
			};
			name = Debug;
		};
		E91047CA2B1E6865007439B7 /* Release */ = {
			isa = XCBuildConfiguration;
			buildSettings = {
				ASSETCATALOG_COMPILER_APPICON_NAME = AppIcon;
				ASSETCATALOG_COMPILER_GLOBAL_ACCENT_COLOR_NAME = AccentColor;
				CODE_SIGN_STYLE = Automatic;
				CURRENT_PROJECT_VERSION = 1;
				DEVELOPMENT_ASSET_PATHS = "\"Remove-Background-Image/Preview Content\"";
				DEVELOPMENT_TEAM = 8F8TZUV25Z;
				ENABLE_PREVIEWS = YES;
				GENERATE_INFOPLIST_FILE = YES;
				INFOPLIST_FILE = "Remove-Background-Image/Info.plist";
				INFOPLIST_KEY_CFBundleDisplayName = "Remove BG";
				INFOPLIST_KEY_NSCameraUsageDescription = "The app would like to use your camera to pick an image whose background will be removed";
				INFOPLIST_KEY_UIApplicationSceneManifest_Generation = YES;
				INFOPLIST_KEY_UIApplicationSupportsIndirectInputEvents = YES;
				INFOPLIST_KEY_UILaunchScreen_Generation = YES;
				INFOPLIST_KEY_UISupportedInterfaceOrientations_iPad = "UIInterfaceOrientationPortrait UIInterfaceOrientationPortraitUpsideDown UIInterfaceOrientationLandscapeLeft UIInterfaceOrientationLandscapeRight";
				INFOPLIST_KEY_UISupportedInterfaceOrientations_iPhone = "UIInterfaceOrientationPortrait UIInterfaceOrientationLandscapeLeft UIInterfaceOrientationLandscapeRight";
				LD_RUNPATH_SEARCH_PATHS = (
					"$(inherited)",
					"@executable_path/Frameworks",
				);
				MARKETING_VERSION = 1.0;
				PRODUCT_BUNDLE_IDENTIFIER = "com.mculha.Remove-Background-Image";
				PRODUCT_NAME = "$(TARGET_NAME)";
				SWIFT_EMIT_LOC_STRINGS = YES;
				SWIFT_VERSION = 5.0;
				TARGETED_DEVICE_FAMILY = "1,2";
			};
			name = Release;
		};
/* End XCBuildConfiguration section */

/* Begin XCConfigurationList section */
		E91047B52B1E6863007439B7 /* Build configuration list for PBXProject "Remove-Background-Image" */ = {
			isa = XCConfigurationList;
			buildConfigurations = (
				E91047C62B1E6865007439B7 /* Debug */,
				E91047C72B1E6865007439B7 /* Release */,
			);
			defaultConfigurationIsVisible = 0;
			defaultConfigurationName = Release;
		};
		E91047C82B1E6865007439B7 /* Build configuration list for PBXNativeTarget "Remove-Background-Image" */ = {
			isa = XCConfigurationList;
			buildConfigurations = (
				E91047C92B1E6865007439B7 /* Debug */,
				E91047CA2B1E6865007439B7 /* Release */,
			);
			defaultConfigurationIsVisible = 0;
			defaultConfigurationName = Release;
		};
/* End XCConfigurationList section */
	};
	rootObject = E91047B22B1E6863007439B7 /* Project object */;
}
