// !$*UTF8*$!
{
	archiveVersion = 1;
	classes = {
	};
	objectVersion = 56;
	objects = {

/* Begin PBXBuildFile section */
		E91047BE2B1E6863007439B7 /* Remove_Background_ImageApp.swift in Sources */ = {isa = PBXBuildFile; fileRef = E91047BD2B1E6863007439B7 /* Remove_Background_ImageApp.swift */; };
		E91047C02B1E6863007439B7 /* RemoveBackgroundView.swift in Sources */ = {isa = PBXBuildFile; fileRef = E91047BF2B1E6863007439B7 /* RemoveBackgroundView.swift */; };
		E91047C22B1E6865007439B7 /* Assets.xcassets in Resources */ = {isa = PBXBuildFile; fileRef = E91047C12B1E6865007439B7 /* Assets.xcassets */; };
		E91047C52B1E6865007439B7 /* Preview Assets.xcassets in Resources */ = {isa = PBXBuildFile; fileRef = E91047C42B1E6865007439B7 /* Preview Assets.xcassets */; };
		E91047CC2B20F866007439B7 /* ImagePickerGallery.swift in Sources */ = {isa = PBXBuildFile; fileRef = E91047CB2B20F866007439B7 /* ImagePickerGallery.swift */; };
		E91047CF2B20F9CC007439B7 /* RemoveBackgroundViewModel.swift in Sources */ = {isa = PBXBuildFile; fileRef = E91047CE2B20F9CC007439B7 /* RemoveBackgroundViewModel.swift */; };
		E91047D22B22455E007439B7 /* ImagePickerCamera.swift in Sources */ = {isa = PBXBuildFile; fileRef = E91047D12B22455E007439B7 /* ImagePickerCamera.swift */; };
		E91047D52B24886A007439B7 /* PhotoPickerSelectionView.swift in Sources */ = {isa = PBXBuildFile; fileRef = E91047D42B24886A007439B7 /* PhotoPickerSelectionView.swift */; };
		E93979332B2CE771007A13E0 /* Modifier+Text.swift in Sources */ = {isa = PBXBuildFile; fileRef = E93979322B2CE771007A13E0 /* Modifier+Text.swift */; };
		E93979352B2CE887007A13E0 /* Modifier+Image.swift in Sources */ = {isa = PBXBuildFile; fileRef = E93979342B2CE887007A13E0 /* Modifier+Image.swift */; };
/* End PBXBuildFile section */

/* Begin PBXFileReference section */
		E91047BA2B1E6863007439B7 /* Remove-Background-Image.app */ = {isa = PBXFileReference; explicitFileType = wrapper.application; includeInIndex = 0; path = "Remove-Background-Image.app"; sourceTree = BUILT_PRODUCTS_DIR; };
		E91047BD2B1E6863007439B7 /* Remove_Background_ImageApp.swift */ = {isa = PBXFileReference; lastKnownFileType = sourcecode.swift; path = Remove_Background_ImageApp.swift; sourceTree = "<group>"; };
		E91047BF2B1E6863007439B7 /* RemoveBackgroundView.swift */ = {isa = PBXFileReference; lastKnownFileType = sourcecode.swift; path = RemoveBackgroundView.swift; sourceTree = "<group>"; };
		E91047C12B1E6865007439B7 /* Assets.xcassets */ = {isa = PBXFileReference; lastKnownFileType = folder.assetcatalog; path = Assets.xcassets; sourceTree = "<group>"; };
		E91047C42B1E6865007439B7 /* Preview Assets.xcassets */ = {isa = PBXFileReference; lastKnownFileType = folder.assetcatalog; path = "Preview Assets.xcassets"; sourceTree = "<group>"; };
		E91047CB2B20F866007439B7 /* ImagePickerGallery.swift */ = {isa = PBXFileReference; lastKnownFileType = sourcecode.swift; path = ImagePickerGallery.swift; sourceTree = "<group>"; };
		E91047CE2B20F9CC007439B7 /* RemoveBackgroundViewModel.swift */ = {isa = PBXFileReference; lastKnownFileType = sourcecode.swift; path = RemoveBackgroundViewModel.swift; sourceTree = "<group>"; };
		E91047D12B22455E007439B7 /* ImagePickerCamera.swift */ = {isa = PBXFileReference; lastKnownFileType = sourcecode.swift; path = ImagePickerCamera.swift; sourceTree = "<group>"; };
		E91047D42B24886A007439B7 /* PhotoPickerSelectionView.swift */ = {isa = PBXFileReference; lastKnownFileType = sourcecode.swift; path = PhotoPickerSelectionView.swift; sourceTree = "<group>"; };
		E93979322B2CE771007A13E0 /* Modifier+Text.swift */ = {isa = PBXFileReference; lastKnownFileType = sourcecode.swift; path = "Modifier+Text.swift"; sourceTree = "<group>"; };
		E93979342B2CE887007A13E0 /* Modifier+Image.swift */ = {isa = PBXFileReference; lastKnownFileType = sourcecode.swift; path = "Modifier+Image.swift"; sourceTree = "<group>"; };
/* End PBXFileReference section */

/* Begin PBXFrameworksBuildPhase section */
		E91047B72B1E6863007439B7 /* Frameworks */ = {
			isa = PBXFrameworksBuildPhase;
			buildActionMask = 2147483647;
			files = (
			);
			runOnlyForDeploymentPostprocessing = 0;
		};
/* End PBXFrameworksBuildPhase section */

/* Begin PBXGroup section */
		E91047B12B1E6863007439B7 = {
			isa = PBXGroup;
			children = (
				E91047BC2B1E6863007439B7 /* Remove-Background-Image */,
				E91047BB2B1E6863007439B7 /* Products */,
			);
			sourceTree = "<group>";
		};
		E91047BB2B1E6863007439B7 /* Products */ = {
			isa = PBXGroup;
			children = (
				E91047BA2B1E6863007439B7 /* Remove-Background-Image.app */,
			);
			name = Products;
			sourceTree = "<group>";
		};
		E91047BC2B1E6863007439B7 /* Remove-Background-Image */ = {
			isa = PBXGroup;
			children = (
				E9C10EAB2B26CC0E008876EB /* Utility */,
				E9C10EAA2B26CC02008876EB /* Model */,
				E91047D32B248855007439B7 /* PhotoSelection */,
				E91047D02B2243DF007439B7 /* Representable */,
				E91047CD2B20F9BC007439B7 /* RemoveBackgroundView */,
				E91047BD2B1E6863007439B7 /* Remove_Background_ImageApp.swift */,
				E91047C12B1E6865007439B7 /* Assets.xcassets */,
				E91047C32B1E6865007439B7 /* Preview Content */,
			);
			path = "Remove-Background-Image";
			sourceTree = "<group>";
		};
		E91047C32B1E6865007439B7 /* Preview Content */ = {
			isa = PBXGroup;
			children = (
				E91047C42B1E6865007439B7 /* Preview Assets.xcassets */,
			);
			path = "Preview Content";
			sourceTree = "<group>";
		};
		E91047CD2B20F9BC007439B7 /* RemoveBackgroundView */ = {
			isa = PBXGroup;
			children = (
				E91047BF2B1E6863007439B7 /* RemoveBackgroundView.swift */,
				E91047CE2B20F9CC007439B7 /* RemoveBackgroundViewModel.swift */,
			);
			path = RemoveBackgroundView;
			sourceTree = "<group>";
		};
		E91047D02B2243DF007439B7 /* Representable */ = {
			isa = PBXGroup;
			children = (
				E91047CB2B20F866007439B7 /* ImagePickerGallery.swift */,
				E91047D12B22455E007439B7 /* ImagePickerCamera.swift */,
			);
			path = Representable;
			sourceTree = "<group>";
		};
		E91047D32B248855007439B7 /* PhotoSelection */ = {
			isa = PBXGroup;
			children = (
				E91047D42B24886A007439B7 /* PhotoPickerSelectionView.swift */,
			);
			path = PhotoSelection;
			sourceTree = "<group>";
		};
		E93979312B2CE755007A13E0 /* Modifier */ = {
			isa = PBXGroup;
			children = (
				E93979322B2CE771007A13E0 /* Modifier+Text.swift */,
				E93979342B2CE887007A13E0 /* Modifier+Image.swift */,
			);
			path = Modifier;
			sourceTree = "<group>";
		};
		E9C10EAA2B26CC02008876EB /* Model */ = {
			isa = PBXGroup;
			children = (
			);
			path = Model;
			sourceTree = "<group>";
		};
		E9C10EAB2B26CC0E008876EB /* Utility */ = {
			isa = PBXGroup;
			children = (
				E93979312B2CE755007A13E0 /* Modifier */,
			);
			path = Utility;
			sourceTree = "<group>";
		};
/* End PBXGroup section */

/* Begin PBXNativeTarget section */
		E91047B92B1E6863007439B7 /* Remove-Background-Image */ = {
			isa = PBXNativeTarget;
			buildConfigurationList = E91047C82B1E6865007439B7 /* Build configuration list for PBXNativeTarget "Remove-Background-Image" */;
			buildPhases = (
				E91047B62B1E6863007439B7 /* Sources */,
				E91047B72B1E6863007439B7 /* Frameworks */,
				E91047B82B1E6863007439B7 /* Resources */,
			);
			buildRules = (
			);
			dependencies = (
			);
			name = "Remove-Background-Image";
			productName = "Remove-Background-Image";
			productReference = E91047BA2B1E6863007439B7 /* Remove-Background-Image.app */;
			productType = "com.apple.product-type.application";
		};
/* End PBXNativeTarget section */

/* Begin PBXProject section */
		E91047B22B1E6863007439B7 /* Project object */ = {
			isa = PBXProject;
			attributes = {
				BuildIndependentTargetsInParallel = 1;
				LastSwiftUpdateCheck = 1500;
				LastUpgradeCheck = 1500;
				TargetAttributes = {
					E91047B92B1E6863007439B7 = {
						CreatedOnToolsVersion = 15.0.1;
					};
				};
			};
			buildConfigurationList = E91047B52B1E6863007439B7 /* Build configuration list for PBXProject "Remove-Background-Image" */;
			compatibilityVersion = "Xcode 14.0";
			developmentRegion = en;
			hasScannedForEncodings = 0;
			knownRegions = (
				en,
				Base,
			);
			mainGroup = E91047B12B1E6863007439B7;
			productRefGroup = E91047BB2B1E6863007439B7 /* Products */;
			projectDirPath = "";
			projectRoot = "";
			targets = (
				E91047B92B1E6863007439B7 /* Remove-Background-Image */,
			);
		};
/* End PBXProject section */

/* Begin PBXResourcesBuildPhase section */
		E91047B82B1E6863007439B7 /* Resources */ = {
			isa = PBXResourcesBuildPhase;
			buildActionMask = 2147483647;
			files = (
				E91047C52B1E6865007439B7 /* Preview Assets.xcassets in Resources */,
				E91047C22B1E6865007439B7 /* Assets.xcassets in Resources */,
			);
			runOnlyForDeploymentPostprocessing = 0;
		};
/* End PBXResourcesBuildPhase section */

/* Begin PBXSourcesBuildPhase section */
		E91047B62B1E6863007439B7 /* Sources */ = {
			isa = PBXSourcesBuildPhase;
			buildActionMask = 2147483647;
			files = (
				E91047CF2B20F9CC007439B7 /* RemoveBackgroundViewModel.swift in Sources */,
				E91047D22B22455E007439B7 /* ImagePickerCamera.swift in Sources */,
				E93979332B2CE771007A13E0 /* Modifier+Text.swift in Sources */,
				E91047CC2B20F866007439B7 /* ImagePickerGallery.swift in Sources */,
				E93979352B2CE887007A13E0 /* Modifier+Image.swift in Sources */,
				E91047C02B1E6863007439B7 /* RemoveBackgroundView.swift in Sources */,
				E91047D52B24886A007439B7 /* PhotoPickerSelectionView.swift in Sources */,
				E91047BE2B1E6863007439B7 /* Remove_Background_ImageApp.swift in Sources */,
			);
			runOnlyForDeploymentPostprocessing = 0;
		};
/* End PBXSourcesBuildPhase section */

/* Begin XCBuildConfiguration section */
		E91047C62B1E6865007439B7 /* Debug */ = {
			isa = XCBuildConfiguration;
			buildSettings = {
				ALWAYS_SEARCH_USER_PATHS = NO;
				ASSETCATALOG_COMPILER_GENERATE_SWIFT_ASSET_SYMBOL_EXTENSIONS = YES;
				CLANG_ANALYZER_NONNULL = YES;
				CLANG_ANALYZER_NUMBER_OBJECT_CONVERSION = YES_AGGRESSIVE;
				CLANG_CXX_LANGUAGE_STANDARD = "gnu++20";
				CLANG_ENABLE_MODULES = YES;
				CLANG_ENABLE_OBJC_ARC = YES;
				CLANG_ENABLE_OBJC_WEAK = YES;
				CLANG_WARN_BLOCK_CAPTURE_AUTORELEASING = YES;
				CLANG_WARN_BOOL_CONVERSION = YES;
				CLANG_WARN_COMMA = YES;
				CLANG_WARN_CONSTANT_CONVERSION = YES;
				CLANG_WARN_DEPRECATED_OBJC_IMPLEMENTATIONS = YES;
				CLANG_WARN_DIRECT_OBJC_ISA_USAGE = YES_ERROR;
				CLANG_WARN_DOCUMENTATION_COMMENTS = YES;
				CLANG_WARN_EMPTY_BODY = YES;
				CLANG_WARN_ENUM_CONVERSION = YES;
				CLANG_WARN_INFINITE_RECURSION = YES;
				CLANG_WARN_INT_CONVERSION = YES;
				CLANG_WARN_NON_LITERAL_NULL_CONVERSION = YES;
				CLANG_WARN_OBJC_IMPLICIT_RETAIN_SELF = YES;
				CLANG_WARN_OBJC_LITERAL_CONVERSION = YES;
				CLANG_WARN_OBJC_ROOT_CLASS = YES_ERROR;
				CLANG_WARN_QUOTED_INCLUDE_IN_FRAMEWORK_HEADER = YES;
				CLANG_WARN_RANGE_LOOP_ANALYSIS = YES;
				CLANG_WARN_STRICT_PROTOTYPES = YES;
				CLANG_WARN_SUSPICIOUS_MOVE = YES;
				CLANG_WARN_UNGUARDED_AVAILABILITY = YES_AGGRESSIVE;
				CLANG_WARN_UNREACHABLE_CODE = YES;
				CLANG_WARN__DUPLICATE_METHOD_MATCH = YES;
				COPY_PHASE_STRIP = NO;
				DEBUG_INFORMATION_FORMAT = dwarf;
				ENABLE_STRICT_OBJC_MSGSEND = YES;
				ENABLE_TESTABILITY = YES;
				ENABLE_USER_SCRIPT_SANDBOXING = YES;
				GCC_C_LANGUAGE_STANDARD = gnu17;
				GCC_DYNAMIC_NO_PIC = NO;
				GCC_NO_COMMON_BLOCKS = YES;
				GCC_OPTIMIZATION_LEVEL = 0;
				GCC_PREPROCESSOR_DEFINITIONS = (
					"DEBUG=1",
					"$(inherited)",
				);
				GCC_WARN_64_TO_32_BIT_CONVERSION = YES;
				GCC_WARN_ABOUT_RETURN_TYPE = YES_ERROR;
				GCC_WARN_UNDECLARED_SELECTOR = YES;
				GCC_WARN_UNINITIALIZED_AUTOS = YES_AGGRESSIVE;
				GCC_WARN_UNUSED_FUNCTION = YES;
				GCC_WARN_UNUSED_VARIABLE = YES;
				IPHONEOS_DEPLOYMENT_TARGET = 17.0;
				LOCALIZATION_PREFERS_STRING_CATALOGS = YES;
				MTL_ENABLE_DEBUG_INFO = INCLUDE_SOURCE;
				MTL_FAST_MATH = YES;
				ONLY_ACTIVE_ARCH = YES;
				SDKROOT = iphoneos;
				SWIFT_ACTIVE_COMPILATION_CONDITIONS = "DEBUG $(inherited)";
				SWIFT_OPTIMIZATION_LEVEL = "-Onone";
			};
			name = Debug;
		};
		E91047C72B1E6865007439B7 /* Release */ = {
			isa = XCBuildConfiguration;
			buildSettings = {
				ALWAYS_SEARCH_USER_PATHS = NO;
				ASSETCATALOG_COMPILER_GENERATE_SWIFT_ASSET_SYMBOL_EXTENSIONS = YES;
				CLANG_ANALYZER_NONNULL = YES;
				CLANG_ANALYZER_NUMBER_OBJECT_CONVERSION = YES_AGGRESSIVE;
				CLANG_CXX_LANGUAGE_STANDARD = "gnu++20";
				CLANG_ENABLE_MODULES = YES;
				CLANG_ENABLE_OBJC_ARC = YES;
				CLANG_ENABLE_OBJC_WEAK = YES;
				CLANG_WARN_BLOCK_CAPTURE_AUTORELEASING = YES;
				CLANG_WARN_BOOL_CONVERSION = YES;
				CLANG_WARN_COMMA = YES;
				CLANG_WARN_CONSTANT_CONVERSION = YES;
				CLANG_WARN_DEPRECATED_OBJC_IMPLEMENTATIONS = YES;
				CLANG_WARN_DIRECT_OBJC_ISA_USAGE = YES_ERROR;
				CLANG_WARN_DOCUMENTATION_COMMENTS = YES;
				CLANG_WARN_EMPTY_BODY = YES;
				CLANG_WARN_ENUM_CONVERSION = YES;
				CLANG_WARN_INFINITE_RECURSION = YES;
				CLANG_WARN_INT_CONVERSION = YES;
				CLANG_WARN_NON_LITERAL_NULL_CONVERSION = YES;
				CLANG_WARN_OBJC_IMPLICIT_RETAIN_SELF = YES;
				CLANG_WARN_OBJC_LITERAL_CONVERSION = YES;
				CLANG_WARN_OBJC_ROOT_CLASS = YES_ERROR;
				CLANG_WARN_QUOTED_INCLUDE_IN_FRAMEWORK_HEADER = YES;
				CLANG_WARN_RANGE_LOOP_ANALYSIS = YES;
				CLANG_WARN_STRICT_PROTOTYPES = YES;
				CLANG_WARN_SUSPICIOUS_MOVE = YES;
				CLANG_WARN_UNGUARDED_AVAILABILITY = YES_AGGRESSIVE;
				CLANG_WARN_UNREACHABLE_CODE = YES;
				CLANG_WARN__DUPLICATE_METHOD_MATCH = YES;
				COPY_PHASE_STRIP = NO;
				DEBUG_INFORMATION_FORMAT = "dwarf-with-dsym";
				ENABLE_NS_ASSERTIONS = NO;
				ENABLE_STRICT_OBJC_MSGSEND = YES;
				ENABLE_USER_SCRIPT_SANDBOXING = YES;
				GCC_C_LANGUAGE_STANDARD = gnu17;
				GCC_NO_COMMON_BLOCKS = YES;
				GCC_WARN_64_TO_32_BIT_CONVERSION = YES;
				GCC_WARN_ABOUT_RETURN_TYPE = YES_ERROR;
				GCC_WARN_UNDECLARED_SELECTOR = YES;
				GCC_WARN_UNINITIALIZED_AUTOS = YES_AGGRESSIVE;
				GCC_WARN_UNUSED_FUNCTION = YES;
				GCC_WARN_UNUSED_VARIABLE = YES;
				IPHONEOS_DEPLOYMENT_TARGET = 17.0;
				LOCALIZATION_PREFERS_STRING_CATALOGS = YES;
				MTL_ENABLE_DEBUG_INFO = NO;
				MTL_FAST_MATH = YES;
				SDKROOT = iphoneos;
				SWIFT_COMPILATION_MODE = wholemodule;
				VALIDATE_PRODUCT = YES;
			};
			name = Release;
		};
		E91047C92B1E6865007439B7 /* Debug */ = {
			isa = XCBuildConfiguration;
			buildSettings = {
				ASSETCATALOG_COMPILER_APPICON_NAME = AppIcon;
				ASSETCATALOG_COMPILER_GLOBAL_ACCENT_COLOR_NAME = AccentColor;
				CODE_SIGN_STYLE = Automatic;
				CURRENT_PROJECT_VERSION = 1;
				DEVELOPMENT_ASSET_PATHS = "\"Remove-Background-Image/Preview Content\"";
				DEVELOPMENT_TEAM = 8F8TZUV25Z;
				ENABLE_PREVIEWS = YES;
				GENERATE_INFOPLIST_FILE = YES;
				INFOPLIST_KEY_CFBundleDisplayName = "Remove BG";
				INFOPLIST_KEY_NSCameraUsageDescription = "The app would like to use your camera to pick an image whose background will be removed";
				INFOPLIST_KEY_UIApplicationSceneManifest_Generation = YES;
				INFOPLIST_KEY_UIApplicationSupportsIndirectInputEvents = YES;
				INFOPLIST_KEY_UILaunchScreen_Generation = YES;
				INFOPLIST_KEY_UISupportedInterfaceOrientations_iPad = "UIInterfaceOrientationPortrait UIInterfaceOrientationPortraitUpsideDown UIInterfaceOrientationLandscapeLeft UIInterfaceOrientationLandscapeRight";
				INFOPLIST_KEY_UISupportedInterfaceOrientations_iPhone = "UIInterfaceOrientationPortrait UIInterfaceOrientationLandscapeLeft UIInterfaceOrientationLandscapeRight";
				LD_RUNPATH_SEARCH_PATHS = (
					"$(inherited)",
					"@executable_path/Frameworks",
				);
				MARKETING_VERSION = 1.0;
				PRODUCT_BUNDLE_IDENTIFIER = "com.mculha.Remove-Background-Image";
				PRODUCT_NAME = "$(TARGET_NAME)";
				SWIFT_EMIT_LOC_STRINGS = YES;
				SWIFT_VERSION = 5.0;
				TARGETED_DEVICE_FAMILY = "1,2";
			};
			name = Debug;
		};
		E91047CA2B1E6865007439B7 /* Release */ = {
			isa = XCBuildConfiguration;
			buildSettings = {
				ASSETCATALOG_COMPILER_APPICON_NAME = AppIcon;
				ASSETCATALOG_COMPILER_GLOBAL_ACCENT_COLOR_NAME = AccentColor;
				CODE_SIGN_STYLE = Automatic;
				CURRENT_PROJECT_VERSION = 1;
				DEVELOPMENT_ASSET_PATHS = "\"Remove-Background-Image/Preview Content\"";
				DEVELOPMENT_TEAM = 8F8TZUV25Z;
				ENABLE_PREVIEWS = YES;
				GENERATE_INFOPLIST_FILE = YES;
				INFOPLIST_KEY_CFBundleDisplayName = "Remove BG";
				INFOPLIST_KEY_NSCameraUsageDescription = "The app would like to use your camera to pick an image whose background will be removed";
				INFOPLIST_KEY_UIApplicationSceneManifest_Generation = YES;
				INFOPLIST_KEY_UIApplicationSupportsIndirectInputEvents = YES;
				INFOPLIST_KEY_UILaunchScreen_Generation = YES;
				INFOPLIST_KEY_UISupportedInterfaceOrientations_iPad = "UIInterfaceOrientationPortrait UIInterfaceOrientationPortraitUpsideDown UIInterfaceOrientationLandscapeLeft UIInterfaceOrientationLandscapeRight";
				INFOPLIST_KEY_UISupportedInterfaceOrientations_iPhone = "UIInterfaceOrientationPortrait UIInterfaceOrientationLandscapeLeft UIInterfaceOrientationLandscapeRight";
				LD_RUNPATH_SEARCH_PATHS = (
					"$(inherited)",
					"@executable_path/Frameworks",
				);
				MARKETING_VERSION = 1.0;
				PRODUCT_BUNDLE_IDENTIFIER = "com.mculha.Remove-Background-Image";
				PRODUCT_NAME = "$(TARGET_NAME)";
				SWIFT_EMIT_LOC_STRINGS = YES;
				SWIFT_VERSION = 5.0;
				TARGETED_DEVICE_FAMILY = "1,2";
			};
			name = Release;
		};
/* End XCBuildConfiguration section */

/* Begin XCConfigurationList section */
		E91047B52B1E6863007439B7 /* Build configuration list for PBXProject "Remove-Background-Image" */ = {
			isa = XCConfigurationList;
			buildConfigurations = (
				E91047C62B1E6865007439B7 /* Debug */,
				E91047C72B1E6865007439B7 /* Release */,
			);
			defaultConfigurationIsVisible = 0;
			defaultConfigurationName = Release;
		};
		E91047C82B1E6865007439B7 /* Build configuration list for PBXNativeTarget "Remove-Background-Image" */ = {
			isa = XCConfigurationList;
			buildConfigurations = (
				E91047C92B1E6865007439B7 /* Debug */,
				E91047CA2B1E6865007439B7 /* Release */,
			);
			defaultConfigurationIsVisible = 0;
			defaultConfigurationName = Release;
		};
/* End XCConfigurationList section */
	};
	rootObject = E91047B22B1E6863007439B7 /* Project object */;
}
